
Microsoft Visual Studio Solution File, Format Version 12.00
# Visual Studio Version 17
VisualStudioVersion = 17.4.32916.344
MinimumVisualStudioVersion = 10.0.40219.1
Project("{9A19103F-16F7-4668-BE54-9A1E7A4F7556}") = "OpenRPG.API", "OpenRPG.API\OpenRPG.API.csproj", "{74B01E6D-37F5-461C-8799-DF0E449FB2AD}"
EndProject
Project("{FAE04EC0-301F-11D3-BF4B-00C04F79EFBC}") = "OpenRPG.Models", "OpenRPG.Models\OpenRPG.Models.csproj", "{111A0860-ADF0-4502-99E5-D7B99A80165D}"
EndProject
Global
	GlobalSection(SolutionConfigurationPlatforms) = preSolution
		Debug|Any CPU = Debug|Any CPU
		Release|Any CPU = Release|Any CPU
	EndGlobalSection
	GlobalSection(ProjectConfigurationPlatforms) = postSolution
		{74B01E6D-37F5-461C-8799-DF0E449FB2AD}.Debug|Any CPU.ActiveCfg = Debug|Any CPU
		{74B01E6D-37F5-461C-8799-DF0E449FB2AD}.Debug|Any CPU.Build.0 = Debug|Any CPU
		{74B01E6D-37F5-461C-8799-DF0E449FB2AD}.Release|Any CPU.ActiveCfg = Release|Any CPU
		{74B01E6D-37F5-461C-8799-DF0E449FB2AD}.Release|Any CPU.Build.0 = Release|Any CPU
		{111A0860-ADF0-4502-99E5-D7B99A80165D}.Debug|Any CPU.ActiveCfg = Debug|Any CPU
		{111A0860-ADF0-4502-99E5-D7B99A80165D}.Debug|Any CPU.Build.0 = Debug|Any CPU
		{111A0860-ADF0-4502-99E5-D7B99A80165D}.Release|Any CPU.ActiveCfg = Release|Any CPU
		{111A0860-ADF0-4502-99E5-D7B99A80165D}.Release|Any CPU.Build.0 = Release|Any CPU
	EndGlobalSection
	GlobalSection(SolutionProperties) = preSolution
		HideSolutionNode = FALSE
	EndGlobalSection
	GlobalSection(ExtensibilityGlobals) = postSolution
		SolutionGuid = {48FF3942-406A-4E48-8AF8-96881EAE1CD9}
	EndGlobalSection
EndGlobal
